{
  "requires": true,
  "lockfileVersion": 1,
  "dependencies": {
    "autoprefixer": {
      "version": "1.2.0",
      "resolved": "https://registry.npmjs.org/autoprefixer/-/autoprefixer-1.2.0.tgz",
      "integrity": "sha1-7ZxcsOSDZEKfoakKnDnZWxVsgvQ=",
      "requires": {
        "caniuse-db": "~1.0",
        "fs-extra": "~0.9.1",
        "postcss": "~0.3.5"
      },
      "dependencies": {
        "caniuse-db": {
          "version": "1.0.30000470",
          "resolved": "https://registry.npmjs.org/caniuse-db/-/caniuse-db-1.0.30000470.tgz",
          "integrity": "sha1-YiXVFxwbqajlzQN3yscPVJP8SB8="
        },
        "fs-extra": {
          "version": "0.9.1",
          "resolved": "https://registry.npmjs.org/fs-extra/-/fs-extra-0.9.1.tgz",
          "integrity": "sha1-h9v8ATg6jdzn2dVJbzYIVkiJ8VY=",
          "requires": {
            "jsonfile": "~1.1.0",
            "mkdirp": "^0.5.0",
            "ncp": "^0.5.1",
            "rimraf": "^2.2.8"
          },
          "dependencies": {
            "jsonfile": {
              "version": "1.1.1",
              "resolved": "https://registry.npmjs.org/jsonfile/-/jsonfile-1.1.1.tgz",
              "integrity": "sha1-2k/WrXfxolUgPqY8e8Mtwx72RDM="
            },
            "mkdirp": {
              "version": "0.5.1",
              "resolved": "https://registry.npmjs.org/mkdirp/-/mkdirp-0.5.1.tgz",
              "integrity": "sha1-MAV0OOrGz3+MR2fzhkjWaX11yQM=",
              "requires": {
                "minimist": "0.0.8"
              },
              "dependencies": {
                "minimist": {
                  "version": "0.0.8",
                  "resolved": "https://registry.npmjs.org/minimist/-/minimist-0.0.8.tgz",
                  "integrity": "sha1-hX/Kv8M5fSYluCKCYuhqp6ARsF0="
                }
              }
            },
            "ncp": {
              "version": "0.5.1",
              "resolved": "https://registry.npmjs.org/ncp/-/ncp-0.5.1.tgz",
              "integrity": "sha1-dDmFMW49tFkoG1hxaehFc1oFQ58="
            },
            "rimraf": {
              "version": "2.5.2",
              "resolved": "https://registry.npmjs.org/rimraf/-/rimraf-2.5.2.tgz",
              "integrity": "sha1-YrqUf6TAtDY4Oa7+zU8PutYFlyY=",
              "requires": {
                "glob": "^7.0.0"
              },
              "dependencies": {
                "glob": {
                  "version": "7.0.3",
                  "resolved": "https://registry.npmjs.org/glob/-/glob-7.0.3.tgz",
                  "integrity": "sha1-CqI1kxpKlqwT1g/6wvuHe9btT1g=",
                  "requires": {
                    "inflight": "^1.0.4",
                    "inherits": "2",
                    "minimatch": "2 || 3",
                    "once": "^1.3.0",
                    "path-is-absolute": "^1.0.0"
                  },
                  "dependencies": {
                    "inflight": {
                      "version": "1.0.5",
                      "resolved": "https://registry.npmjs.org/inflight/-/inflight-1.0.5.tgz",
                      "integrity": "sha1-2zIEzVqd4ubNiQuFxuL2a89PYgo=",
                      "requires": {
                        "once": "^1.3.0",
                        "wrappy": "1"
                      },
                      "dependencies": {
                        "wrappy": {
                          "version": "1.0.2",
                          "resolved": "https://registry.npmjs.org/wrappy/-/wrappy-1.0.2.tgz",
                          "integrity": "sha1-tSQ9jz7BqjXxNkYFvA0QNuMKtp8="
                        }
                      }
                    },
                    "inherits": {
                      "version": "2.0.1",
                      "resolved": "https://registry.npmjs.org/inherits/-/inherits-2.0.1.tgz",
                      "integrity": "sha1-sX0I0ya0Qj5Wjv9xn5GwscvfafE="
                    },
                    "minimatch": {
                      "version": "3.0.0",
                      "resolved": "https://registry.npmjs.org/minimatch/-/minimatch-3.0.0.tgz",
                      "integrity": "sha1-UjYVelHk8ATBd/s8Un/33Xjw74M=",
                      "requires": {
                        "brace-expansion": "^1.0.0"
                      },
                      "dependencies": {
                        "brace-expansion": {
                          "version": "1.1.4",
                          "resolved": "https://registry.npmjs.org/brace-expansion/-/brace-expansion-1.1.4.tgz",
                          "integrity": "sha1-RkogTHf0gsCFwqNsRWu/uvtnoSc=",
                          "requires": {
                            "balanced-match": "^0.4.1",
                            "concat-map": "0.0.1"
                          },
                          "dependencies": {
                            "balanced-match": {
                              "version": "0.4.1",
                              "resolved": "https://registry.npmjs.org/balanced-match/-/balanced-match-0.4.1.tgz",
                              "integrity": "sha1-GQU+LgdI6ts3nabAnUVc9eEDkzU="
                            },
                            "concat-map": {
                              "version": "0.0.1",
                              "resolved": "https://registry.npmjs.org/concat-map/-/concat-map-0.0.1.tgz",
                              "integrity": "sha1-2Klr13/Wjfd5OnMDajug1UBdR3s="
                            }
                          }
                        }
                      }
                    },
                    "once": {
                      "version": "1.3.3",
                      "resolved": "https://registry.npmjs.org/once/-/once-1.3.3.tgz",
                      "integrity": "sha1-suJhVXzkwxTsgwTz+oJmPkKXyiA=",
                      "requires": {
                        "wrappy": "1"
                      },
                      "dependencies": {
                        "wrappy": {
                          "version": "1.0.2",
                          "resolved": "https://registry.npmjs.org/wrappy/-/wrappy-1.0.2.tgz",
                          "integrity": "sha1-tSQ9jz7BqjXxNkYFvA0QNuMKtp8="
                        }
                      }
                    },
                    "path-is-absolute": {
                      "version": "1.0.0",
                      "resolved": "https://registry.npmjs.org/path-is-absolute/-/path-is-absolute-1.0.0.tgz",
                      "integrity": "sha1-Jj2tpmqz8vsQv3+dJN2PPlcO+RI="
                    }
                  }
                }
              }
            }
          }
        },
        "postcss": {
          "version": "0.3.5",
          "resolved": "https://registry.npmjs.org/postcss/-/postcss-0.3.5.tgz",
          "integrity": "sha1-UHOj0GLvPOWSrEpf5rjChiq4POs=",
          "requires": {
            "base64-js": "~0.0.6",
            "source-map": "~0.1.33"
          },
          "dependencies": {
            "base64-js": {
              "version": "0.0.8",
              "resolved": "https://registry.npmjs.org/base64-js/-/base64-js-0.0.8.tgz",
              "integrity": "sha1-EQHpVE9KdrG8OybUUsqW16NeeXg="
            },
            "source-map": {
              "version": "0.1.43",
              "resolved": "https://registry.npmjs.org/source-map/-/source-map-0.1.43.tgz",
              "integrity": "sha1-wkvBRspRfBRx9drL4lcbK3+eM0Y=",
              "requires": {
                "amdefine": ">=0.0.4"
              },
              "dependencies": {
                "amdefine": {
                  "version": "1.0.0",
                  "resolved": "https://registry.npmjs.org/amdefine/-/amdefine-1.0.0.tgz",
                  "integrity": "sha1-/RdHRwDLXMnCtwnwvp0jzjwZjDM="
                }
              }
            }
          }
        }
      }
    }
  }
}
